
Microsoft Visual Studio Solution File, Format Version 12.00
# Visual Studio Version 16
VisualStudioVersion = 16.0.30503.244
MinimumVisualStudioVersion = 10.0.40219.1
Project("{FAE04EC0-301F-11D3-BF4B-00C04F79EFBC}") = "WpfExeTracker", "WpfExeTracker\WpfExeTracker.csproj", "{BE0DBF01-5C36-4CEB-AEEB-1F0F237BE27E}"
EndProject
Project("{9A19103F-16F7-4668-BE54-9A1E7A4F7556}") = "ConsoleTracker", "ConsoleTracker\ConsoleTracker.csproj", "{E4FDA872-A82C-4681-8757-EF508C911FEF}"
	ProjectSection(ProjectDependencies) = postProject
		{13B39F77-C42A-4E35-B095-9004C57675D6} = {13B39F77-C42A-4E35-B095-9004C57675D6}
		{A4593FDF-C1C2-4566-9900-4A054A73B20F} = {A4593FDF-C1C2-4566-9900-4A054A73B20F}
	EndProjectSection
EndProject
Project("{9A19103F-16F7-4668-BE54-9A1E7A4F7556}") = "ExeTrackerLogic", "ExeTrackerLogic\ExeTrackerLogic.csproj", "{A4593FDF-C1C2-4566-9900-4A054A73B20F}"
EndProject
Project("{9A19103F-16F7-4668-BE54-9A1E7A4F7556}") = "ExeTrackerTests", "ExeTrackerTests\ExeTrackerTests.csproj", "{1FE388FC-AA0C-4D11-AE0D-A36EE9235DD5}"
	ProjectSection(ProjectDependencies) = postProject
		{A4593FDF-C1C2-4566-9900-4A054A73B20F} = {A4593FDF-C1C2-4566-9900-4A054A73B20F}
	EndProjectSection
EndProject
Project("{9A19103F-16F7-4668-BE54-9A1E7A4F7556}") = "XLHelperLib", "XLHelperLib\XLHelperLib.csproj", "{20561B07-22AA-46BC-BA9E-CA47722278A5}"
EndProject
Project("{FAE04EC0-301F-11D3-BF4B-00C04F79EFBC}") = "ExcelToModelLogic", "ExcelToModelLogic\ExcelToModelLogic.csproj", "{13B39F77-C42A-4E35-B095-9004C57675D6}"
	ProjectSection(ProjectDependencies) = postProject
		{20561B07-22AA-46BC-BA9E-CA47722278A5} = {20561B07-22AA-46BC-BA9E-CA47722278A5}
		{A4593FDF-C1C2-4566-9900-4A054A73B20F} = {A4593FDF-C1C2-4566-9900-4A054A73B20F}
	EndProjectSection
EndProject
Global
	GlobalSection(SolutionConfigurationPlatforms) = preSolution
		Debug|Any CPU = Debug|Any CPU
		Release|Any CPU = Release|Any CPU
	EndGlobalSection
	GlobalSection(ProjectConfigurationPlatforms) = postSolution
		{BE0DBF01-5C36-4CEB-AEEB-1F0F237BE27E}.Debug|Any CPU.ActiveCfg = Debug|Any CPU
		{BE0DBF01-5C36-4CEB-AEEB-1F0F237BE27E}.Debug|Any CPU.Build.0 = Debug|Any CPU
		{BE0DBF01-5C36-4CEB-AEEB-1F0F237BE27E}.Release|Any CPU.ActiveCfg = Release|Any CPU
		{BE0DBF01-5C36-4CEB-AEEB-1F0F237BE27E}.Release|Any CPU.Build.0 = Release|Any CPU
		{E4FDA872-A82C-4681-8757-EF508C911FEF}.Debug|Any CPU.ActiveCfg = Debug|Any CPU
		{E4FDA872-A82C-4681-8757-EF508C911FEF}.Debug|Any CPU.Build.0 = Debug|Any CPU
		{E4FDA872-A82C-4681-8757-EF508C911FEF}.Release|Any CPU.ActiveCfg = Release|Any CPU
		{E4FDA872-A82C-4681-8757-EF508C911FEF}.Release|Any CPU.Build.0 = Release|Any CPU
		{A4593FDF-C1C2-4566-9900-4A054A73B20F}.Debug|Any CPU.ActiveCfg = Debug|Any CPU
		{A4593FDF-C1C2-4566-9900-4A054A73B20F}.Debug|Any CPU.Build.0 = Debug|Any CPU
		{A4593FDF-C1C2-4566-9900-4A054A73B20F}.Release|Any CPU.ActiveCfg = Release|Any CPU
		{A4593FDF-C1C2-4566-9900-4A054A73B20F}.Release|Any CPU.Build.0 = Release|Any CPU
		{1FE388FC-AA0C-4D11-AE0D-A36EE9235DD5}.Debug|Any CPU.ActiveCfg = Debug|Any CPU
		{1FE388FC-AA0C-4D11-AE0D-A36EE9235DD5}.Debug|Any CPU.Build.0 = Debug|Any CPU
		{1FE388FC-AA0C-4D11-AE0D-A36EE9235DD5}.Release|Any CPU.ActiveCfg = Release|Any CPU
		{1FE388FC-AA0C-4D11-AE0D-A36EE9235DD5}.Release|Any CPU.Build.0 = Release|Any CPU
		{20561B07-22AA-46BC-BA9E-CA47722278A5}.Debug|Any CPU.ActiveCfg = Debug|Any CPU
		{20561B07-22AA-46BC-BA9E-CA47722278A5}.Debug|Any CPU.Build.0 = Debug|Any CPU
		{20561B07-22AA-46BC-BA9E-CA47722278A5}.Release|Any CPU.ActiveCfg = Release|Any CPU
		{20561B07-22AA-46BC-BA9E-CA47722278A5}.Release|Any CPU.Build.0 = Release|Any CPU
		{13B39F77-C42A-4E35-B095-9004C57675D6}.Debug|Any CPU.ActiveCfg = Debug|Any CPU
		{13B39F77-C42A-4E35-B095-9004C57675D6}.Debug|Any CPU.Build.0 = Debug|Any CPU
		{13B39F77-C42A-4E35-B095-9004C57675D6}.Release|Any CPU.ActiveCfg = Release|Any CPU
		{13B39F77-C42A-4E35-B095-9004C57675D6}.Release|Any CPU.Build.0 = Release|Any CPU
	EndGlobalSection
	GlobalSection(SolutionProperties) = preSolution
		HideSolutionNode = FALSE
	EndGlobalSection
	GlobalSection(ExtensibilityGlobals) = postSolution
		SolutionGuid = {5061E5B8-F640-442B-A45D-0AE2327FFCF5}
	EndGlobalSection
EndGlobal
